
Microsoft Visual Studio Solution File, Format Version 12.00
# Visual Studio 15
VisualStudioVersion = 15.0.28010.2046
MinimumVisualStudioVersion = 10.0.40219.1
Project("{FAE04EC0-301F-11D3-BF4B-00C04F79EFBC}") = "BankTwo.Web", "BankTwo.Web\BankTwo.Web.csproj", "{5FA98D64-4688-4036-8D6A-9251387CB872}"
EndProject
Project("{FAE04EC0-301F-11D3-BF4B-00C04F79EFBC}") = "BankTwo.Application.Core", "BankTwo.Application.Core\BankTwo.Application.Core.csproj", "{D9CF28EF-29FD-4725-B901-9007F958D7B6}"
EndProject
Project("{FAE04EC0-301F-11D3-BF4B-00C04F79EFBC}") = "BankTwo.Application.Data", "BankTwo.Application.Data\BankTwo.Application.Data.csproj", "{727A1977-54E0-4152-BC38-E33613999ABB}"
EndProject
Project("{FAE04EC0-301F-11D3-BF4B-00C04F79EFBC}") = "BankTwo.Application.Logic", "BankTwo.Application.Logic\BankTwo.Application.Logic.csproj", "{4CD3F36C-6876-426C-84D5-33BA0D984F9C}"
EndProject
Project("{FAE04EC0-301F-11D3-BF4B-00C04F79EFBC}") = "ViewModels", "ViewModels\ViewModels.csproj", "{975A6D7B-A26B-463F-ADED-CA94424F8FE6}"
EndProject
Project("{FAE04EC0-301F-11D3-BF4B-00C04F79EFBC}") = "DIContainer", "DIContainer\DIContainer.csproj", "{F0F70449-B81E-4493-8EED-61C629B92A1B}"
EndProject
Global
	GlobalSection(SolutionConfigurationPlatforms) = preSolution
		Debug|Any CPU = Debug|Any CPU
		Release|Any CPU = Release|Any CPU
	EndGlobalSection
	GlobalSection(ProjectConfigurationPlatforms) = postSolution
		{5FA98D64-4688-4036-8D6A-9251387CB872}.Debug|Any CPU.ActiveCfg = Debug|Any CPU
		{5FA98D64-4688-4036-8D6A-9251387CB872}.Debug|Any CPU.Build.0 = Debug|Any CPU
		{5FA98D64-4688-4036-8D6A-9251387CB872}.Release|Any CPU.ActiveCfg = Release|Any CPU
		{5FA98D64-4688-4036-8D6A-9251387CB872}.Release|Any CPU.Build.0 = Release|Any CPU
		{D9CF28EF-29FD-4725-B901-9007F958D7B6}.Debug|Any CPU.ActiveCfg = Debug|Any CPU
		{D9CF28EF-29FD-4725-B901-9007F958D7B6}.Debug|Any CPU.Build.0 = Debug|Any CPU
		{D9CF28EF-29FD-4725-B901-9007F958D7B6}.Release|Any CPU.ActiveCfg = Release|Any CPU
		{D9CF28EF-29FD-4725-B901-9007F958D7B6}.Release|Any CPU.Build.0 = Release|Any CPU
		{727A1977-54E0-4152-BC38-E33613999ABB}.Debug|Any CPU.ActiveCfg = Debug|Any CPU
		{727A1977-54E0-4152-BC38-E33613999ABB}.Debug|Any CPU.Build.0 = Debug|Any CPU
		{727A1977-54E0-4152-BC38-E33613999ABB}.Release|Any CPU.ActiveCfg = Release|Any CPU
		{727A1977-54E0-4152-BC38-E33613999ABB}.Release|Any CPU.Build.0 = Release|Any CPU
		{4CD3F36C-6876-426C-84D5-33BA0D984F9C}.Debug|Any CPU.ActiveCfg = Debug|Any CPU
		{4CD3F36C-6876-426C-84D5-33BA0D984F9C}.Debug|Any CPU.Build.0 = Debug|Any CPU
		{4CD3F36C-6876-426C-84D5-33BA0D984F9C}.Release|Any CPU.ActiveCfg = Release|Any CPU
		{4CD3F36C-6876-426C-84D5-33BA0D984F9C}.Release|Any CPU.Build.0 = Release|Any CPU
		{975A6D7B-A26B-463F-ADED-CA94424F8FE6}.Debug|Any CPU.ActiveCfg = Debug|Any CPU
		{975A6D7B-A26B-463F-ADED-CA94424F8FE6}.Debug|Any CPU.Build.0 = Debug|Any CPU
		{975A6D7B-A26B-463F-ADED-CA94424F8FE6}.Release|Any CPU.ActiveCfg = Release|Any CPU
		{975A6D7B-A26B-463F-ADED-CA94424F8FE6}.Release|Any CPU.Build.0 = Release|Any CPU
		{F0F70449-B81E-4493-8EED-61C629B92A1B}.Debug|Any CPU.ActiveCfg = Debug|Any CPU
		{F0F70449-B81E-4493-8EED-61C629B92A1B}.Debug|Any CPU.Build.0 = Debug|Any CPU
		{F0F70449-B81E-4493-8EED-61C629B92A1B}.Release|Any CPU.ActiveCfg = Release|Any CPU
		{F0F70449-B81E-4493-8EED-61C629B92A1B}.Release|Any CPU.Build.0 = Release|Any CPU
	EndGlobalSection
	GlobalSection(SolutionProperties) = preSolution
		HideSolutionNode = FALSE
	EndGlobalSection
	GlobalSection(ExtensibilityGlobals) = postSolution
		SolutionGuid = {22E5B0AF-C74D-47C2-A567-60364B7068C3}
	EndGlobalSection
EndGlobal
